// !$*UTF8*$!
{
	archiveVersion = 1;
	classes = {
	};
	objectVersion = 46;
	objects = {

/* Begin PBXBuildFile section */
		AAF6BA84023615294F78DF70 /* Pods_urlHandlerTests.framework in Frameworks */ = {isa = PBXBuildFile; fileRef = 4EFFFA250F82E5EB5C4F2F02 /* Pods_urlHandlerTests.framework */; };
		B2C95C2585FCB087A040809A /* Pods_urlHandler.framework in Frameworks */ = {isa = PBXBuildFile; fileRef = 7A00FBDED72FA3991D6F9458 /* Pods_urlHandler.framework */; };
		BE4467301C95DB280013AFBA /* img.png in Resources */ = {isa = PBXBuildFile; fileRef = BE44672F1C95DB280013AFBA /* img.png */; };
		BE53CE4519EA88CC00B6C81D /* main.m in Sources */ = {isa = PBXBuildFile; fileRef = BE53CE4419EA88CC00B6C81D /* main.m */; };
		BE53CE4819EA88CC00B6C81D /* AppDelegate.m in Sources */ = {isa = PBXBuildFile; fileRef = BE53CE4719EA88CC00B6C81D /* AppDelegate.m */; };
		BE53CE4B19EA88CC00B6C81D /* ViewController.m in Sources */ = {isa = PBXBuildFile; fileRef = BE53CE4A19EA88CC00B6C81D /* ViewController.m */; };
		BE53CE4E19EA88CC00B6C81D /* Main.storyboard in Resources */ = {isa = PBXBuildFile; fileRef = BE53CE4C19EA88CC00B6C81D /* Main.storyboard */; };
		BE53CE5019EA88CC00B6C81D /* Images.xcassets in Resources */ = {isa = PBXBuildFile; fileRef = BE53CE4F19EA88CC00B6C81D /* Images.xcassets */; };
		BE53CE5319EA88CC00B6C81D /* LaunchScreen.xib in Resources */ = {isa = PBXBuildFile; fileRef = BE53CE5119EA88CC00B6C81D /* LaunchScreen.xib */; };
		BE53CE5F19EA88CC00B6C81D /* urlHandlerTests.m in Sources */ = {isa = PBXBuildFile; fileRef = BE53CE5E19EA88CC00B6C81D /* urlHandlerTests.m */; };
		BE53CE6A19EA893900B6C81D /* UrlHandler.m in Sources */ = {isa = PBXBuildFile; fileRef = BE53CE6919EA893900B6C81D /* UrlHandler.m */; };
/* End PBXBuildFile section */

/* Begin PBXContainerItemProxy section */
		BE53CE5919EA88CC00B6C81D /* PBXContainerItemProxy */ = {
			isa = PBXContainerItemProxy;
			containerPortal = BE53CE3719EA88CC00B6C81D /* Project object */;
			proxyType = 1;
			remoteGlobalIDString = BE53CE3E19EA88CC00B6C81D;
			remoteInfo = urlHandler;
		};
/* End PBXContainerItemProxy section */

/* Begin PBXFileReference section */
		40797BE90191C0A03DCE96D9 /* Pods-urlHandlerTests.debug.xcconfig */ = {isa = PBXFileReference; includeInIndex = 1; lastKnownFileType = text.xcconfig; name = "Pods-urlHandlerTests.debug.xcconfig"; path = "Pods/Target Support Files/Pods-urlHandlerTests/Pods-urlHandlerTests.debug.xcconfig"; sourceTree = "<group>"; };
		4EFFFA250F82E5EB5C4F2F02 /* Pods_urlHandlerTests.framework */ = {isa = PBXFileReference; explicitFileType = wrapper.framework; includeInIndex = 0; path = Pods_urlHandlerTests.framework; sourceTree = BUILT_PRODUCTS_DIR; };
		7A00FBDED72FA3991D6F9458 /* Pods_urlHandler.framework */ = {isa = PBXFileReference; explicitFileType = wrapper.framework; includeInIndex = 0; path = Pods_urlHandler.framework; sourceTree = BUILT_PRODUCTS_DIR; };
		B8B4267C254749B90B03FDF1 /* Pods-urlHandler.debug.xcconfig */ = {isa = PBXFileReference; includeInIndex = 1; lastKnownFileType = text.xcconfig; name = "Pods-urlHandler.debug.xcconfig"; path = "Pods/Target Support Files/Pods-urlHandler/Pods-urlHandler.debug.xcconfig"; sourceTree = "<group>"; };
		BE12E7E01C84B68000760F6B /* libPods.a */ = {isa = PBXFileReference; lastKnownFileType = archive.ar; name = libPods.a; path = "Pods/build/Debug-iphoneos/libPods.a"; sourceTree = "<group>"; };
		BE44672F1C95DB280013AFBA /* img.png */ = {isa = PBXFileReference; lastKnownFileType = image.png; path = img.png; sourceTree = "<group>"; };
		BE53CE3F19EA88CC00B6C81D /* urlHandler.app */ = {isa = PBXFileReference; explicitFileType = wrapper.application; includeInIndex = 0; path = urlHandler.app; sourceTree = BUILT_PRODUCTS_DIR; };
		BE53CE4319EA88CC00B6C81D /* Info.plist */ = {isa = PBXFileReference; lastKnownFileType = text.plist.xml; path = Info.plist; sourceTree = "<group>"; };
		BE53CE4419EA88CC00B6C81D /* main.m */ = {isa = PBXFileReference; lastKnownFileType = sourcecode.c.objc; path = main.m; sourceTree = "<group>"; };
		BE53CE4619EA88CC00B6C81D /* AppDelegate.h */ = {isa = PBXFileReference; lastKnownFileType = sourcecode.c.h; path = AppDelegate.h; sourceTree = "<group>"; };
		BE53CE4719EA88CC00B6C81D /* AppDelegate.m */ = {isa = PBXFileReference; lastKnownFileType = sourcecode.c.objc; path = AppDelegate.m; sourceTree = "<group>"; };
		BE53CE4919EA88CC00B6C81D /* ViewController.h */ = {isa = PBXFileReference; lastKnownFileType = sourcecode.c.h; path = ViewController.h; sourceTree = "<group>"; };
		BE53CE4A19EA88CC00B6C81D /* ViewController.m */ = {isa = PBXFileReference; lastKnownFileType = sourcecode.c.objc; path = ViewController.m; sourceTree = "<group>"; };
		BE53CE4D19EA88CC00B6C81D /* Base */ = {isa = PBXFileReference; lastKnownFileType = file.storyboard; name = Base; path = Base.lproj/Main.storyboard; sourceTree = "<group>"; };
		BE53CE4F19EA88CC00B6C81D /* Images.xcassets */ = {isa = PBXFileReference; lastKnownFileType = folder.assetcatalog; path = Images.xcassets; sourceTree = "<group>"; };
		BE53CE5219EA88CC00B6C81D /* Base */ = {isa = PBXFileReference; lastKnownFileType = file.xib; name = Base; path = Base.lproj/LaunchScreen.xib; sourceTree = "<group>"; };
		BE53CE5819EA88CC00B6C81D /* urlHandlerTests.xctest */ = {isa = PBXFileReference; explicitFileType = wrapper.cfbundle; includeInIndex = 0; path = urlHandlerTests.xctest; sourceTree = BUILT_PRODUCTS_DIR; };
		BE53CE5D19EA88CC00B6C81D /* Info.plist */ = {isa = PBXFileReference; lastKnownFileType = text.plist.xml; path = Info.plist; sourceTree = "<group>"; };
		BE53CE5E19EA88CC00B6C81D /* urlHandlerTests.m */ = {isa = PBXFileReference; lastKnownFileType = sourcecode.c.objc; path = urlHandlerTests.m; sourceTree = "<group>"; };
		BE53CE6819EA893900B6C81D /* UrlHandler.h */ = {isa = PBXFileReference; fileEncoding = 4; lastKnownFileType = sourcecode.c.h; path = UrlHandler.h; sourceTree = "<group>"; };
		BE53CE6919EA893900B6C81D /* UrlHandler.m */ = {isa = PBXFileReference; fileEncoding = 4; lastKnownFileType = sourcecode.c.objc; path = UrlHandler.m; sourceTree = "<group>"; };
		E06516FAB9F89872FEC636E5 /* Pods-urlHandler.release.xcconfig */ = {isa = PBXFileReference; includeInIndex = 1; lastKnownFileType = text.xcconfig; name = "Pods-urlHandler.release.xcconfig"; path = "Pods/Target Support Files/Pods-urlHandler/Pods-urlHandler.release.xcconfig"; sourceTree = "<group>"; };
		E54D830BB498132001E56276 /* Pods-urlHandlerTests.release.xcconfig */ = {isa = PBXFileReference; includeInIndex = 1; lastKnownFileType = text.xcconfig; name = "Pods-urlHandlerTests.release.xcconfig"; path = "Pods/Target Support Files/Pods-urlHandlerTests/Pods-urlHandlerTests.release.xcconfig"; sourceTree = "<group>"; };
/* End PBXFileReference section */

/* Begin PBXFrameworksBuildPhase section */
		BE53CE3C19EA88CC00B6C81D /* Frameworks */ = {
			isa = PBXFrameworksBuildPhase;
			buildActionMask = 2147483647;
			files = (
				B2C95C2585FCB087A040809A /* Pods_urlHandler.framework in Frameworks */,
			);
			runOnlyForDeploymentPostprocessing = 0;
		};
		BE53CE5519EA88CC00B6C81D /* Frameworks */ = {
			isa = PBXFrameworksBuildPhase;
			buildActionMask = 2147483647;
			files = (
				AAF6BA84023615294F78DF70 /* Pods_urlHandlerTests.framework in Frameworks */,
			);
			runOnlyForDeploymentPostprocessing = 0;
		};
/* End PBXFrameworksBuildPhase section */

/* Begin PBXGroup section */
		85B19A348622737B73090132 /* Pods */ = {
			isa = PBXGroup;
			children = (
				B8B4267C254749B90B03FDF1 /* Pods-urlHandler.debug.xcconfig */,
				E06516FAB9F89872FEC636E5 /* Pods-urlHandler.release.xcconfig */,
				40797BE90191C0A03DCE96D9 /* Pods-urlHandlerTests.debug.xcconfig */,
				E54D830BB498132001E56276 /* Pods-urlHandlerTests.release.xcconfig */,
			);
			name = Pods;
			sourceTree = "<group>";
		};
		BE53CE3619EA88CC00B6C81D = {
			isa = PBXGroup;
			children = (
				BE53CE4119EA88CC00B6C81D /* urlHandler */,
				BE53CE5B19EA88CC00B6C81D /* urlHandlerTests */,
				BE53CE4019EA88CC00B6C81D /* Products */,
				D7E3A66B1F40440C8F81D6FE /* Frameworks */,
				85B19A348622737B73090132 /* Pods */,
			);
			sourceTree = "<group>";
		};
		BE53CE4019EA88CC00B6C81D /* Products */ = {
			isa = PBXGroup;
			children = (
				BE53CE3F19EA88CC00B6C81D /* urlHandler.app */,
				BE53CE5819EA88CC00B6C81D /* urlHandlerTests.xctest */,
			);
			name = Products;
			sourceTree = "<group>";
		};
		BE53CE4119EA88CC00B6C81D /* urlHandler */ = {
			isa = PBXGroup;
			children = (
				BE44672F1C95DB280013AFBA /* img.png */,
				BE53CE4619EA88CC00B6C81D /* AppDelegate.h */,
				BE53CE4719EA88CC00B6C81D /* AppDelegate.m */,
				BE53CE4919EA88CC00B6C81D /* ViewController.h */,
				BE53CE4A19EA88CC00B6C81D /* ViewController.m */,
				BE53CE6819EA893900B6C81D /* UrlHandler.h */,
				BE53CE6919EA893900B6C81D /* UrlHandler.m */,
				BE53CE4C19EA88CC00B6C81D /* Main.storyboard */,
				BE53CE4F19EA88CC00B6C81D /* Images.xcassets */,
				BE53CE5119EA88CC00B6C81D /* LaunchScreen.xib */,
				BE53CE4219EA88CC00B6C81D /* Supporting Files */,
			);
			path = urlHandler;
			sourceTree = "<group>";
		};
		BE53CE4219EA88CC00B6C81D /* Supporting Files */ = {
			isa = PBXGroup;
			children = (
				BE53CE4319EA88CC00B6C81D /* Info.plist */,
				BE53CE4419EA88CC00B6C81D /* main.m */,
			);
			name = "Supporting Files";
			sourceTree = "<group>";
		};
		BE53CE5B19EA88CC00B6C81D /* urlHandlerTests */ = {
			isa = PBXGroup;
			children = (
				BE53CE5E19EA88CC00B6C81D /* urlHandlerTests.m */,
				BE53CE5C19EA88CC00B6C81D /* Supporting Files */,
			);
			path = urlHandlerTests;
			sourceTree = "<group>";
		};
		BE53CE5C19EA88CC00B6C81D /* Supporting Files */ = {
			isa = PBXGroup;
			children = (
				BE53CE5D19EA88CC00B6C81D /* Info.plist */,
			);
			name = "Supporting Files";
			sourceTree = "<group>";
		};
		D7E3A66B1F40440C8F81D6FE /* Frameworks */ = {
			isa = PBXGroup;
			children = (
				BE12E7E01C84B68000760F6B /* libPods.a */,
				7A00FBDED72FA3991D6F9458 /* Pods_urlHandler.framework */,
				4EFFFA250F82E5EB5C4F2F02 /* Pods_urlHandlerTests.framework */,
			);
			name = Frameworks;
			sourceTree = "<group>";
		};
/* End PBXGroup section */

/* Begin PBXNativeTarget section */
		BE53CE3E19EA88CC00B6C81D /* urlHandler */ = {
			isa = PBXNativeTarget;
			buildConfigurationList = BE53CE6219EA88CC00B6C81D /* Build configuration list for PBXNativeTarget "urlHandler" */;
			buildPhases = (
				F3477F05597356A6F10B867B /* Check Pods Manifest.lock */,
				BE53CE3B19EA88CC00B6C81D /* Sources */,
				BE53CE3C19EA88CC00B6C81D /* Frameworks */,
				BE53CE3D19EA88CC00B6C81D /* Resources */,
				8ECC038A667F111FD961DEFC /* Embed Pods Frameworks */,
				90187596025BA0DAB07544D5 /* Copy Pods Resources */,
			);
			buildRules = (
			);
			dependencies = (
			);
			name = urlHandler;
			productName = urlHandler;
			productReference = BE53CE3F19EA88CC00B6C81D /* urlHandler.app */;
			productType = "com.apple.product-type.application";
		};
		BE53CE5719EA88CC00B6C81D /* urlHandlerTests */ = {
			isa = PBXNativeTarget;
			buildConfigurationList = BE53CE6519EA88CC00B6C81D /* Build configuration list for PBXNativeTarget "urlHandlerTests" */;
			buildPhases = (
				137A7499282EBDD62F7F9A1B /* Check Pods Manifest.lock */,
				BE53CE5419EA88CC00B6C81D /* Sources */,
				BE53CE5519EA88CC00B6C81D /* Frameworks */,
				BE53CE5619EA88CC00B6C81D /* Resources */,
				7792AE5919FE9EF5C192BF10 /* Embed Pods Frameworks */,
				E7279379EA36BD168C898F17 /* Copy Pods Resources */,
			);
			buildRules = (
			);
			dependencies = (
				BE53CE5A19EA88CC00B6C81D /* PBXTargetDependency */,
			);
			name = urlHandlerTests;
			productName = urlHandlerTests;
			productReference = BE53CE5819EA88CC00B6C81D /* urlHandlerTests.xctest */;
			productType = "com.apple.product-type.bundle.unit-test";
		};
/* End PBXNativeTarget section */

/* Begin PBXProject section */
		BE53CE3719EA88CC00B6C81D /* Project object */ = {
			isa = PBXProject;
			attributes = {
				LastUpgradeCheck = 0600;
				ORGANIZATIONNAME = "Rahul Malik";
				TargetAttributes = {
					BE53CE3E19EA88CC00B6C81D = {
						CreatedOnToolsVersion = 6.0.1;
						SystemCapabilities = {
							com.apple.BackgroundModes = {
								enabled = 0;
							};
						};
					};
					BE53CE5719EA88CC00B6C81D = {
						CreatedOnToolsVersion = 6.0.1;
						TestTargetID = BE53CE3E19EA88CC00B6C81D;
					};
				};
			};
			buildConfigurationList = BE53CE3A19EA88CC00B6C81D /* Build configuration list for PBXProject "urlHandler" */;
			compatibilityVersion = "Xcode 3.2";
			developmentRegion = English;
			hasScannedForEncodings = 0;
			knownRegions = (
				en,
				Base,
			);
			mainGroup = BE53CE3619EA88CC00B6C81D;
			productRefGroup = BE53CE4019EA88CC00B6C81D /* Products */;
			projectDirPath = "";
			projectRoot = "";
			targets = (
				BE53CE3E19EA88CC00B6C81D /* urlHandler */,
				BE53CE5719EA88CC00B6C81D /* urlHandlerTests */,
			);
		};
/* End PBXProject section */

/* Begin PBXResourcesBuildPhase section */
		BE53CE3D19EA88CC00B6C81D /* Resources */ = {
			isa = PBXResourcesBuildPhase;
			buildActionMask = 2147483647;
			files = (
				BE53CE4E19EA88CC00B6C81D /* Main.storyboard in Resources */,
				BE53CE5319EA88CC00B6C81D /* LaunchScreen.xib in Resources */,
				BE53CE5019EA88CC00B6C81D /* Images.xcassets in Resources */,
				BE4467301C95DB280013AFBA /* img.png in Resources */,
			);
			runOnlyForDeploymentPostprocessing = 0;
		};
		BE53CE5619EA88CC00B6C81D /* Resources */ = {
			isa = PBXResourcesBuildPhase;
			buildActionMask = 2147483647;
			files = (
			);
			runOnlyForDeploymentPostprocessing = 0;
		};
/* End PBXResourcesBuildPhase section */

/* Begin PBXShellScriptBuildPhase section */
		137A7499282EBDD62F7F9A1B /* Check Pods Manifest.lock */ = {
			isa = PBXShellScriptBuildPhase;
			buildActionMask = 2147483647;
			files = (
			);
			inputPaths = (
			);
			name = "Check Pods Manifest.lock";
			outputPaths = (
			);
			runOnlyForDeploymentPostprocessing = 0;
			shellPath = /bin/sh;
			shellScript = "diff \"${PODS_ROOT}/../Podfile.lock\" \"${PODS_ROOT}/Manifest.lock\" > /dev/null\nif [[ $? != 0 ]] ; then\n    cat << EOM\nerror: The sandbox is not in sync with the Podfile.lock. Run 'pod install' or update your CocoaPods installation.\nEOM\n    exit 1\nfi\n";
			showEnvVarsInLog = 0;
		};
		7792AE5919FE9EF5C192BF10 /* Embed Pods Frameworks */ = {
			isa = PBXShellScriptBuildPhase;
			buildActionMask = 2147483647;
			files = (
			);
			inputPaths = (
			);
			name = "Embed Pods Frameworks";
			outputPaths = (
			);
			runOnlyForDeploymentPostprocessing = 0;
			shellPath = /bin/sh;
			shellScript = "\"${SRCROOT}/Pods/Target Support Files/Pods-urlHandlerTests/Pods-urlHandlerTests-frameworks.sh\"\n";
			showEnvVarsInLog = 0;
		};
		8ECC038A667F111FD961DEFC /* Embed Pods Frameworks */ = {
			isa = PBXShellScriptBuildPhase;
			buildActionMask = 2147483647;
			files = (
			);
			inputPaths = (
			);
			name = "Embed Pods Frameworks";
			outputPaths = (
			);
			runOnlyForDeploymentPostprocessing = 0;
			shellPath = /bin/sh;
			shellScript = "\"${SRCROOT}/Pods/Target Support Files/Pods-urlHandler/Pods-urlHandler-frameworks.sh\"\n";
			showEnvVarsInLog = 0;
		};
		90187596025BA0DAB07544D5 /* Copy Pods Resources */ = {
			isa = PBXShellScriptBuildPhase;
			buildActionMask = 2147483647;
			files = (
			);
			inputPaths = (
			);
			name = "Copy Pods Resources";
			outputPaths = (
			);
			runOnlyForDeploymentPostprocessing = 0;
			shellPath = /bin/sh;
			shellScript = "\"${SRCROOT}/Pods/Target Support Files/Pods-urlHandler/Pods-urlHandler-resources.sh\"\n";
			showEnvVarsInLog = 0;
		};
		E7279379EA36BD168C898F17 /* Copy Pods Resources */ = {
			isa = PBXShellScriptBuildPhase;
			buildActionMask = 2147483647;
			files = (
			);
			inputPaths = (
			);
			name = "Copy Pods Resources";
			outputPaths = (
			);
			runOnlyForDeploymentPostprocessing = 0;
			shellPath = /bin/sh;
			shellScript = "\"${SRCROOT}/Pods/Target Support Files/Pods-urlHandlerTests/Pods-urlHandlerTests-resources.sh\"\n";
			showEnvVarsInLog = 0;
		};
		F3477F05597356A6F10B867B /* Check Pods Manifest.lock */ = {
			isa = PBXShellScriptBuildPhase;
			buildActionMask = 2147483647;
			files = (
			);
			inputPaths = (
			);
			name = "Check Pods Manifest.lock";
			outputPaths = (
			);
			runOnlyForDeploymentPostprocessing = 0;
			shellPath = /bin/sh;
			shellScript = "diff \"${PODS_ROOT}/../Podfile.lock\" \"${PODS_ROOT}/Manifest.lock\" > /dev/null\nif [[ $? != 0 ]] ; then\n    cat << EOM\nerror: The sandbox is not in sync with the Podfile.lock. Run 'pod install' or update your CocoaPods installation.\nEOM\n    exit 1\nfi\n";
			showEnvVarsInLog = 0;
		};
/* End PBXShellScriptBuildPhase section */

/* Begin PBXSourcesBuildPhase section */
		BE53CE3B19EA88CC00B6C81D /* Sources */ = {
			isa = PBXSourcesBuildPhase;
			buildActionMask = 2147483647;
			files = (
				BE53CE6A19EA893900B6C81D /* UrlHandler.m in Sources */,
				BE53CE4B19EA88CC00B6C81D /* ViewController.m in Sources */,
				BE53CE4819EA88CC00B6C81D /* AppDelegate.m in Sources */,
				BE53CE4519EA88CC00B6C81D /* main.m in Sources */,
			);
			runOnlyForDeploymentPostprocessing = 0;
		};
		BE53CE5419EA88CC00B6C81D /* Sources */ = {
			isa = PBXSourcesBuildPhase;
			buildActionMask = 2147483647;
			files = (
				BE53CE5F19EA88CC00B6C81D /* urlHandlerTests.m in Sources */,
			);
			runOnlyForDeploymentPostprocessing = 0;
		};
/* End PBXSourcesBuildPhase section */

/* Begin PBXTargetDependency section */
		BE53CE5A19EA88CC00B6C81D /* PBXTargetDependency */ = {
			isa = PBXTargetDependency;
			target = BE53CE3E19EA88CC00B6C81D /* urlHandler */;
			targetProxy = BE53CE5919EA88CC00B6C81D /* PBXContainerItemProxy */;
		};
/* End PBXTargetDependency section */

/* Begin PBXVariantGroup section */
		BE53CE4C19EA88CC00B6C81D /* Main.storyboard */ = {
			isa = PBXVariantGroup;
			children = (
				BE53CE4D19EA88CC00B6C81D /* Base */,
			);
			name = Main.storyboard;
			sourceTree = "<group>";
		};
		BE53CE5119EA88CC00B6C81D /* LaunchScreen.xib */ = {
			isa = PBXVariantGroup;
			children = (
				BE53CE5219EA88CC00B6C81D /* Base */,
			);
			name = LaunchScreen.xib;
			sourceTree = "<group>";
		};
/* End PBXVariantGroup section */

/* Begin XCBuildConfiguration section */
		BE53CE6019EA88CC00B6C81D /* Debug */ = {
			isa = XCBuildConfiguration;
			buildSettings = {
				ALWAYS_SEARCH_USER_PATHS = NO;
				CLANG_CXX_LANGUAGE_STANDARD = "gnu++0x";
				CLANG_CXX_LIBRARY = "libc++";
				CLANG_ENABLE_MODULES = YES;
				CLANG_ENABLE_OBJC_ARC = YES;
				CLANG_WARN_BOOL_CONVERSION = YES;
				CLANG_WARN_CONSTANT_CONVERSION = YES;
				CLANG_WARN_DIRECT_OBJC_ISA_USAGE = YES_ERROR;
				CLANG_WARN_EMPTY_BODY = YES;
				CLANG_WARN_ENUM_CONVERSION = YES;
				CLANG_WARN_INT_CONVERSION = YES;
				CLANG_WARN_OBJC_ROOT_CLASS = YES_ERROR;
				CLANG_WARN_UNREACHABLE_CODE = YES;
				CLANG_WARN__DUPLICATE_METHOD_MATCH = YES;
				"CODE_SIGN_IDENTITY[sdk=iphoneos*]" = "iPhone Developer";
				COPY_PHASE_STRIP = NO;
				ENABLE_STRICT_OBJC_MSGSEND = YES;
				GCC_C_LANGUAGE_STANDARD = gnu99;
				GCC_DYNAMIC_NO_PIC = NO;
				GCC_OPTIMIZATION_LEVEL = 0;
				GCC_PREPROCESSOR_DEFINITIONS = (
					"DEBUG=1",
					"$(inherited)",
				);
				GCC_SYMBOLS_PRIVATE_EXTERN = NO;
				GCC_WARN_64_TO_32_BIT_CONVERSION = YES;
				GCC_WARN_ABOUT_RETURN_TYPE = YES_ERROR;
				GCC_WARN_UNDECLARED_SELECTOR = YES;
				GCC_WARN_UNINITIALIZED_AUTOS = YES_AGGRESSIVE;
				GCC_WARN_UNUSED_FUNCTION = YES;
				GCC_WARN_UNUSED_VARIABLE = YES;
				IPHONEOS_DEPLOYMENT_TARGET = 8.0;
				MTL_ENABLE_DEBUG_INFO = YES;
				ONLY_ACTIVE_ARCH = YES;
				SDKROOT = iphoneos;
				TARGETED_DEVICE_FAMILY = "1,2";
			};
			name = Debug;
		};
		BE53CE6119EA88CC00B6C81D /* Release */ = {
			isa = XCBuildConfiguration;
			buildSettings = {
				ALWAYS_SEARCH_USER_PATHS = NO;
				CLANG_CXX_LANGUAGE_STANDARD = "gnu++0x";
				CLANG_CXX_LIBRARY = "libc++";
				CLANG_ENABLE_MODULES = YES;
				CLANG_ENABLE_OBJC_ARC = YES;
				CLANG_WARN_BOOL_CONVERSION = YES;
				CLANG_WARN_CONSTANT_CONVERSION = YES;
				CLANG_WARN_DIRECT_OBJC_ISA_USAGE = YES_ERROR;
				CLANG_WARN_EMPTY_BODY = YES;
				CLANG_WARN_ENUM_CONVERSION = YES;
				CLANG_WARN_INT_CONVERSION = YES;
				CLANG_WARN_OBJC_ROOT_CLASS = YES_ERROR;
				CLANG_WARN_UNREACHABLE_CODE = YES;
				CLANG_WARN__DUPLICATE_METHOD_MATCH = YES;
				"CODE_SIGN_IDENTITY[sdk=iphoneos*]" = "iPhone Developer";
				COPY_PHASE_STRIP = YES;
				ENABLE_NS_ASSERTIONS = NO;
				ENABLE_STRICT_OBJC_MSGSEND = YES;
				GCC_C_LANGUAGE_STANDARD = gnu99;
				GCC_WARN_64_TO_32_BIT_CONVERSION = YES;
				GCC_WARN_ABOUT_RETURN_TYPE = YES_ERROR;
				GCC_WARN_UNDECLARED_SELECTOR = YES;
				GCC_WARN_UNINITIALIZED_AUTOS = YES_AGGRESSIVE;
				GCC_WARN_UNUSED_FUNCTION = YES;
				GCC_WARN_UNUSED_VARIABLE = YES;
				IPHONEOS_DEPLOYMENT_TARGET = 8.0;
				MTL_ENABLE_DEBUG_INFO = NO;
				SDKROOT = iphoneos;
				TARGETED_DEVICE_FAMILY = "1,2";
				VALIDATE_PRODUCT = YES;
			};
			name = Release;
		};
		BE53CE6319EA88CC00B6C81D /* Debug */ = {
			isa = XCBuildConfiguration;
			baseConfigurationReference = B8B4267C254749B90B03FDF1 /* Pods-urlHandler.debug.xcconfig */;
			buildSettings = {
				ASSETCATALOG_COMPILER_APPICON_NAME = AppIcon;
				INFOPLIST_FILE = urlHandler/Info.plist;
				LD_RUNPATH_SEARCH_PATHS = "$(inherited) @executable_path/Frameworks";
				PRODUCT_NAME = "$(TARGET_NAME)";
			};
			name = Debug;
		};
		BE53CE6419EA88CC00B6C81D /* Release */ = {
			isa = XCBuildConfiguration;
			baseConfigurationReference = E06516FAB9F89872FEC636E5 /* Pods-urlHandler.release.xcconfig */;
			buildSettings = {
				ASSETCATALOG_COMPILER_APPICON_NAME = AppIcon;
				INFOPLIST_FILE = urlHandler/Info.plist;
				LD_RUNPATH_SEARCH_PATHS = "$(inherited) @executable_path/Frameworks";
				PRODUCT_NAME = "$(TARGET_NAME)";
			};
			name = Release;
		};
		BE53CE6619EA88CC00B6C81D /* Debug */ = {
			isa = XCBuildConfiguration;
			baseConfigurationReference = 40797BE90191C0A03DCE96D9 /* Pods-urlHandlerTests.debug.xcconfig */;
			buildSettings = {
				BUNDLE_LOADER = "$(TEST_HOST)";
				FRAMEWORK_SEARCH_PATHS = (
					"$(SDKROOT)/Developer/Library/Frameworks",
					"$(inherited)",
				);
				GCC_PREPROCESSOR_DEFINITIONS = (
					"DEBUG=1",
					"$(inherited)",
				);
				INFOPLIST_FILE = urlHandlerTests/Info.plist;
				LD_RUNPATH_SEARCH_PATHS = "$(inherited) @executable_path/Frameworks @loader_path/Frameworks";
				LIBRARY_SEARCH_PATHS = (
					"$(inherited)",
					"$(PROJECT_DIR)/Pods/build/Debug-iphoneos",
				);
				PRODUCT_NAME = "$(TARGET_NAME)";
				TEST_HOST = "$(BUILT_PRODUCTS_DIR)/urlHandler.app/urlHandler";
			};
			name = Debug;
		};
		BE53CE6719EA88CC00B6C81D /* Release */ = {
			isa = XCBuildConfiguration;
			baseConfigurationReference = E54D830BB498132001E56276 /* Pods-urlHandlerTests.release.xcconfig */;
			buildSettings = {
				BUNDLE_LOADER = "$(TEST_HOST)";
				FRAMEWORK_SEARCH_PATHS = (
					"$(SDKROOT)/Developer/Library/Frameworks",
					"$(inherited)",
				);
				INFOPLIST_FILE = urlHandlerTests/Info.plist;
				LD_RUNPATH_SEARCH_PATHS = "$(inherited) @executable_path/Frameworks @loader_path/Frameworks";
				LIBRARY_SEARCH_PATHS = (
					"$(inherited)",
					"$(PROJECT_DIR)/Pods/build/Debug-iphoneos",
				);
				PRODUCT_NAME = "$(TARGET_NAME)";
				TEST_HOST = "$(BUILT_PRODUCTS_DIR)/urlHandler.app/urlHandler";
			};
			name = Release;
		};
/* End XCBuildConfiguration section */

/* Begin XCConfigurationList section */
		BE53CE3A19EA88CC00B6C81D /* Build configuration list for PBXProject "urlHandler" */ = {
			isa = XCConfigurationList;
			buildConfigurations = (
				BE53CE6019EA88CC00B6C81D /* Debug */,
				BE53CE6119EA88CC00B6C81D /* Release */,
			);
			defaultConfigurationIsVisible = 0;
			defaultConfigurationName = Release;
		};
		BE53CE6219EA88CC00B6C81D /* Build configuration list for PBXNativeTarget "urlHandler" */ = {
			isa = XCConfigurationList;
			buildConfigurations = (
				BE53CE6319EA88CC00B6C81D /* Debug */,
				BE53CE6419EA88CC00B6C81D /* Release */,
			);
			defaultConfigurationIsVisible = 0;
			defaultConfigurationName = Release;
		};
		BE53CE6519EA88CC00B6C81D /* Build configuration list for PBXNativeTarget "urlHandlerTests" */ = {
			isa = XCConfigurationList;
			buildConfigurations = (
				BE53CE6619EA88CC00B6C81D /* Debug */,
				BE53CE6719EA88CC00B6C81D /* Release */,
			);
			defaultConfigurationIsVisible = 0;
			defaultConfigurationName = Release;
		};
/* End XCConfigurationList section */
	};
	rootObject = BE53CE3719EA88CC00B6C81D /* Project object */;
}
